{
  "name": "js-action",
  "version": "1.0.0",
  "description": "A simple GitHub Action using JavaScript",
  "main": "src/index.js",
  "dependencies": {
    "@actions/core": "^1.10.0"
  },
  "devDependencies": {},
  "scripts": {
    "start": "node src/index.js"
  },
  "author": "",
  "license": "ISC"
}
